
Microsoft Visual Studio Solution File, Format Version 12.00
# Visual Studio Version 16
VisualStudioVersion = 16.0.31515.178
MinimumVisualStudioVersion = 10.0.40219.1
Project("{FAE04EC0-301F-11D3-BF4B-00C04F79EFBC}") = "ConsumiendoDll_ServicioMonitor", "ConsumiendoDll_ServicioMonitor\ConsumiendoDll_ServicioMonitor.csproj", "{3B708DD6-2CBF-4434-A0EE-00433BA60EDF}"
EndProject
Project("{FAE04EC0-301F-11D3-BF4B-00C04F79EFBC}") = "ServicioMonitor", "..\ServicioMonitor\ServicioMonitor\ServicioMonitor.csproj", "{94A3FB90-BE76-45A8-9315-7E5424EDBED3}"
EndProject
Global
	GlobalSection(SolutionConfigurationPlatforms) = preSolution
		Debug|Any CPU = Debug|Any CPU
		Release|Any CPU = Release|Any CPU
	EndGlobalSection
	GlobalSection(ProjectConfigurationPlatforms) = postSolution
		{3B708DD6-2CBF-4434-A0EE-00433BA60EDF}.Debug|Any CPU.ActiveCfg = Debug|Any CPU
		{3B708DD6-2CBF-4434-A0EE-00433BA60EDF}.Debug|Any CPU.Build.0 = Debug|Any CPU
		{3B708DD6-2CBF-4434-A0EE-00433BA60EDF}.Release|Any CPU.ActiveCfg = Release|Any CPU
		{3B708DD6-2CBF-4434-A0EE-00433BA60EDF}.Release|Any CPU.Build.0 = Release|Any CPU
		{94A3FB90-BE76-45A8-9315-7E5424EDBED3}.Debug|Any CPU.ActiveCfg = Debug|Any CPU
		{94A3FB90-BE76-45A8-9315-7E5424EDBED3}.Debug|Any CPU.Build.0 = Debug|Any CPU
		{94A3FB90-BE76-45A8-9315-7E5424EDBED3}.Release|Any CPU.ActiveCfg = Release|Any CPU
		{94A3FB90-BE76-45A8-9315-7E5424EDBED3}.Release|Any CPU.Build.0 = Release|Any CPU
	EndGlobalSection
	GlobalSection(SolutionProperties) = preSolution
		HideSolutionNode = FALSE
	EndGlobalSection
	GlobalSection(ExtensibilityGlobals) = postSolution
		SolutionGuid = {BCC897B0-91A3-4589-A65D-112CA62756A1}
	EndGlobalSection
EndGlobal
